// !$*UTF8*$!
{
	archiveVersion = 1;
	classes = {
	};
	objectVersion = 46;
	objects = {

/* Begin PBXBuildFile section */
		B485388816CD739700477ECD /* UIKit.framework in Frameworks */ = {isa = PBXBuildFile; fileRef = B485388716CD739700477ECD /* UIKit.framework */; };
		B485388A16CD739700477ECD /* Foundation.framework in Frameworks */ = {isa = PBXBuildFile; fileRef = B485388916CD739700477ECD /* Foundation.framework */; };
		B485388C16CD739700477ECD /* CoreGraphics.framework in Frameworks */ = {isa = PBXBuildFile; fileRef = B485388B16CD739700477ECD /* CoreGraphics.framework */; };
		B485389216CD739800477ECD /* InfoPlist.strings in Resources */ = {isa = PBXBuildFile; fileRef = B485389016CD739800477ECD /* InfoPlist.strings */; };
		B485389416CD739800477ECD /* main.m in Sources */ = {isa = PBXBuildFile; fileRef = B485389316CD739800477ECD /* main.m */; };
		B485389816CD739800477ECD /* AppDelegate.m in Sources */ = {isa = PBXBuildFile; fileRef = B485389716CD739800477ECD /* AppDelegate.m */; };
		B485389A16CD739800477ECD /* Default.png in Resources */ = {isa = PBXBuildFile; fileRef = B485389916CD739800477ECD /* Default.png */; };
		B485389C16CD739800477ECD /* Default@2x.png in Resources */ = {isa = PBXBuildFile; fileRef = B485389B16CD739800477ECD /* Default@2x.png */; };
		B485389E16CD739800477ECD /* Default-568h@2x.png in Resources */ = {isa = PBXBuildFile; fileRef = B485389D16CD739800477ECD /* Default-568h@2x.png */; };
		B48538A116CD739800477ECD /* MainStoryboard.storyboard in Resources */ = {isa = PBXBuildFile; fileRef = B485389F16CD739800477ECD /* MainStoryboard.storyboard */; };
		B48538A416CD739800477ECD /* ViewController.m in Sources */ = {isa = PBXBuildFile; fileRef = B48538A316CD739800477ECD /* ViewController.m */; };
/* End PBXBuildFile section */

/* Begin PBXFileReference section */
		B485388316CD739700477ECD /* AOC-wk2.app */ = {isa = PBXFileReference; explicitFileType = wrapper.application; includeInIndex = 0; path = "AOC-wk2.app"; sourceTree = BUILT_PRODUCTS_DIR; };
		B485388716CD739700477ECD /* UIKit.framework */ = {isa = PBXFileReference; lastKnownFileType = wrapper.framework; name = UIKit.framework; path = System/Library/Frameworks/UIKit.framework; sourceTree = SDKROOT; };
		B485388916CD739700477ECD /* Foundation.framework */ = {isa = PBXFileReference; lastKnownFileType = wrapper.framework; name = Foundation.framework; path = System/Library/Frameworks/Foundation.framework; sourceTree = SDKROOT; };
		B485388B16CD739700477ECD /* CoreGraphics.framework */ = {isa = PBXFileReference; lastKnownFileType = wrapper.framework; name = CoreGraphics.framework; path = System/Library/Frameworks/CoreGraphics.framework; sourceTree = SDKROOT; };
		B485388F16CD739700477ECD /* AOC-wk2-Info.plist */ = {isa = PBXFileReference; lastKnownFileType = text.plist.xml; path = "AOC-wk2-Info.plist"; sourceTree = "<group>"; };
		B485389116CD739800477ECD /* en */ = {isa = PBXFileReference; lastKnownFileType = text.plist.strings; name = en; path = en.lproj/InfoPlist.strings; sourceTree = "<group>"; };
		B485389316CD739800477ECD /* main.m */ = {isa = PBXFileReference; lastKnownFileType = sourcecode.c.objc; path = main.m; sourceTree = "<group>"; };
		B485389516CD739800477ECD /* AOC-wk2-Prefix.pch */ = {isa = PBXFileReference; lastKnownFileType = sourcecode.c.h; path = "AOC-wk2-Prefix.pch"; sourceTree = "<group>"; };
		B485389616CD739800477ECD /* AppDelegate.h */ = {isa = PBXFileReference; lastKnownFileType = sourcecode.c.h; path = AppDelegate.h; sourceTree = "<group>"; };
		B485389716CD739800477ECD /* AppDelegate.m */ = {isa = PBXFileReference; lastKnownFileType = sourcecode.c.objc; path = AppDelegate.m; sourceTree = "<group>"; };
		B485389916CD739800477ECD /* Default.png */ = {isa = PBXFileReference; lastKnownFileType = image.png; path = Default.png; sourceTree = "<group>"; };
		B485389B16CD739800477ECD /* Default@2x.png */ = {isa = PBXFileReference; lastKnownFileType = image.png; path = "Default@2x.png"; sourceTree = "<group>"; };
		B485389D16CD739800477ECD /* Default-568h@2x.png */ = {isa = PBXFileReference; lastKnownFileType = image.png; path = "Default-568h@2x.png"; sourceTree = "<group>"; };
		B48538A016CD739800477ECD /* en */ = {isa = PBXFileReference; lastKnownFileType = file.storyboard; name = en; path = en.lproj/MainStoryboard.storyboard; sourceTree = "<group>"; };
		B48538A216CD739800477ECD /* ViewController.h */ = {isa = PBXFileReference; lastKnownFileType = sourcecode.c.h; path = ViewController.h; sourceTree = "<group>"; };
		B48538A316CD739800477ECD /* ViewController.m */ = {isa = PBXFileReference; lastKnownFileType = sourcecode.c.objc; path = ViewController.m; sourceTree = "<group>"; };
/* End PBXFileReference section */

/* Begin PBXFrameworksBuildPhase section */
		B485388016CD739700477ECD /* Frameworks */ = {
			isa = PBXFrameworksBuildPhase;
			buildActionMask = 2147483647;
			files = (
				B485388816CD739700477ECD /* UIKit.framework in Frameworks */,
				B485388A16CD739700477ECD /* Foundation.framework in Frameworks */,
				B485388C16CD739700477ECD /* CoreGraphics.framework in Frameworks */,
			);
			runOnlyForDeploymentPostprocessing = 0;
		};
/* End PBXFrameworksBuildPhase section */

/* Begin PBXGroup section */
		B485387816CD739700477ECD = {
			isa = PBXGroup;
			children = (
				B485388D16CD739700477ECD /* AOC-wk2 */,
				B485388616CD739700477ECD /* Frameworks */,
				B485388416CD739700477ECD /* Products */,
			);
			sourceTree = "<group>";
		};
		B485388416CD739700477ECD /* Products */ = {
			isa = PBXGroup;
			children = (
				B485388316CD739700477ECD /* AOC-wk2.app */,
			);
			name = Products;
			sourceTree = "<group>";
		};
		B485388616CD739700477ECD /* Frameworks */ = {
			isa = PBXGroup;
			children = (
				B485388716CD739700477ECD /* UIKit.framework */,
				B485388916CD739700477ECD /* Foundation.framework */,
				B485388B16CD739700477ECD /* CoreGraphics.framework */,
			);
			name = Frameworks;
			sourceTree = "<group>";
		};
		B485388D16CD739700477ECD /* AOC-wk2 */ = {
			isa = PBXGroup;
			children = (
				B485389616CD739800477ECD /* AppDelegate.h */,
				B485389716CD739800477ECD /* AppDelegate.m */,
				B485389F16CD739800477ECD /* MainStoryboard.storyboard */,
				B48538A216CD739800477ECD /* ViewController.h */,
				B48538A316CD739800477ECD /* ViewController.m */,
				B485388E16CD739700477ECD /* Supporting Files */,
			);
			path = "AOC-wk2";
			sourceTree = "<group>";
		};
		B485388E16CD739700477ECD /* Supporting Files */ = {
			isa = PBXGroup;
			children = (
				B485388F16CD739700477ECD /* AOC-wk2-Info.plist */,
				B485389016CD739800477ECD /* InfoPlist.strings */,
				B485389316CD739800477ECD /* main.m */,
				B485389516CD739800477ECD /* AOC-wk2-Prefix.pch */,
				B485389916CD739800477ECD /* Default.png */,
				B485389B16CD739800477ECD /* Default@2x.png */,
				B485389D16CD739800477ECD /* Default-568h@2x.png */,
			);
			name = "Supporting Files";
			sourceTree = "<group>";
		};
/* End PBXGroup section */

/* Begin PBXNativeTarget section */
		B485388216CD739700477ECD /* AOC-wk2 */ = {
			isa = PBXNativeTarget;
			buildConfigurationList = B48538A716CD739800477ECD /* Build configuration list for PBXNativeTarget "AOC-wk2" */;
			buildPhases = (
				B485387F16CD739700477ECD /* Sources */,
				B485388016CD739700477ECD /* Frameworks */,
				B485388116CD739700477ECD /* Resources */,
			);
			buildRules = (
			);
			dependencies = (
			);
			name = "AOC-wk2";
			productName = "AOC-wk2";
			productReference = B485388316CD739700477ECD /* AOC-wk2.app */;
			productType = "com.apple.product-type.application";
		};
/* End PBXNativeTarget section */

/* Begin PBXProject section */
		B485387A16CD739700477ECD /* Project object */ = {
			isa = PBXProject;
			attributes = {
				LastUpgradeCheck = 0450;
				ORGANIZATIONNAME = "john plank";
			};
			buildConfigurationList = B485387D16CD739700477ECD /* Build configuration list for PBXProject "AOC-wk2" */;
			compatibilityVersion = "Xcode 3.2";
			developmentRegion = English;
			hasScannedForEncodings = 0;
			knownRegions = (
				en,
			);
			mainGroup = B485387816CD739700477ECD;
			productRefGroup = B485388416CD739700477ECD /* Products */;
			projectDirPath = "";
			projectRoot = "";
			targets = (
				B485388216CD739700477ECD /* AOC-wk2 */,
			);
		};
/* End PBXProject section */

/* Begin PBXResourcesBuildPhase section */
		B485388116CD739700477ECD /* Resources */ = {
			isa = PBXResourcesBuildPhase;
			buildActionMask = 2147483647;
			files = (
				B485389216CD739800477ECD /* InfoPlist.strings in Resources */,
				B485389A16CD739800477ECD /* Default.png in Resources */,
				B485389C16CD739800477ECD /* Default@2x.png in Resources */,
				B485389E16CD739800477ECD /* Default-568h@2x.png in Resources */,
				B48538A116CD739800477ECD /* MainStoryboard.storyboard in Resources */,
			);
			runOnlyForDeploymentPostprocessing = 0;
		};
/* End PBXResourcesBuildPhase section */

/* Begin PBXSourcesBuildPhase section */
		B485387F16CD739700477ECD /* Sources */ = {
			isa = PBXSourcesBuildPhase;
			buildActionMask = 2147483647;
			files = (
				B485389416CD739800477ECD /* main.m in Sources */,
				B485389816CD739800477ECD /* AppDelegate.m in Sources */,
				B48538A416CD739800477ECD /* ViewController.m in Sources */,
			);
			runOnlyForDeploymentPostprocessing = 0;
		};
/* End PBXSourcesBuildPhase section */

/* Begin PBXVariantGroup section */
		B485389016CD739800477ECD /* InfoPlist.strings */ = {
			isa = PBXVariantGroup;
			children = (
				B485389116CD739800477ECD /* en */,
			);
			name = InfoPlist.strings;
			sourceTree = "<group>";
		};
		B485389F16CD739800477ECD /* MainStoryboard.storyboard */ = {
			isa = PBXVariantGroup;
			children = (
				B48538A016CD739800477ECD /* en */,
			);
			name = MainStoryboard.storyboard;
			sourceTree = "<group>";
		};
/* End PBXVariantGroup section */

/* Begin XCBuildConfiguration section */
		B48538A516CD739800477ECD /* Debug */ = {
			isa = XCBuildConfiguration;
			buildSettings = {
				ALWAYS_SEARCH_USER_PATHS = NO;
				CLANG_CXX_LANGUAGE_STANDARD = "gnu++0x";
				CLANG_CXX_LIBRARY = "libc++";
				CLANG_WARN_EMPTY_BODY = YES;
				CLANG_WARN__DUPLICATE_METHOD_MATCH = YES;
				"CODE_SIGN_IDENTITY[sdk=iphoneos*]" = "iPhone Developer";
				COPY_PHASE_STRIP = NO;
				GCC_C_LANGUAGE_STANDARD = gnu99;
				GCC_DYNAMIC_NO_PIC = NO;
				GCC_OPTIMIZATION_LEVEL = 0;
				GCC_PREPROCESSOR_DEFINITIONS = (
					"DEBUG=1",
					"$(inherited)",
				);
				GCC_SYMBOLS_PRIVATE_EXTERN = NO;
				GCC_WARN_ABOUT_RETURN_TYPE = YES;
				GCC_WARN_UNINITIALIZED_AUTOS = YES;
				GCC_WARN_UNUSED_VARIABLE = YES;
				IPHONEOS_DEPLOYMENT_TARGET = 6.0;
				ONLY_ACTIVE_ARCH = YES;
				SDKROOT = iphoneos;
			};
			name = Debug;
		};
		B48538A616CD739800477ECD /* Release */ = {
			isa = XCBuildConfiguration;
			buildSettings = {
				ALWAYS_SEARCH_USER_PATHS = NO;
				CLANG_CXX_LANGUAGE_STANDARD = "gnu++0x";
				CLANG_CXX_LIBRARY = "libc++";
				CLANG_WARN_EMPTY_BODY = YES;
				CLANG_WARN__DUPLICATE_METHOD_MATCH = YES;
				"CODE_SIGN_IDENTITY[sdk=iphoneos*]" = "iPhone Developer";
				COPY_PHASE_STRIP = YES;
				GCC_C_LANGUAGE_STANDARD = gnu99;
				GCC_WARN_ABOUT_RETURN_TYPE = YES;
				GCC_WARN_UNINITIALIZED_AUTOS = YES;
				GCC_WARN_UNUSED_VARIABLE = YES;
				IPHONEOS_DEPLOYMENT_TARGET = 6.0;
				OTHER_CFLAGS = "-DNS_BLOCK_ASSERTIONS=1";
				SDKROOT = iphoneos;
				VALIDATE_PRODUCT = YES;
			};
			name = Release;
		};
		B48538A816CD739800477ECD /* Debug */ = {
			isa = XCBuildConfiguration;
			buildSettings = {
				GCC_PRECOMPILE_PREFIX_HEADER = YES;
				GCC_PREFIX_HEADER = "AOC-wk2/AOC-wk2-Prefix.pch";
				INFOPLIST_FILE = "AOC-wk2/AOC-wk2-Info.plist";
				PRODUCT_NAME = "$(TARGET_NAME)";
				WRAPPER_EXTENSION = app;
			};
			name = Debug;
		};
		B48538A916CD739800477ECD /* Release */ = {
			isa = XCBuildConfiguration;
			buildSettings = {
				GCC_PRECOMPILE_PREFIX_HEADER = YES;
				GCC_PREFIX_HEADER = "AOC-wk2/AOC-wk2-Prefix.pch";
				INFOPLIST_FILE = "AOC-wk2/AOC-wk2-Info.plist";
				PRODUCT_NAME = "$(TARGET_NAME)";
				WRAPPER_EXTENSION = app;
			};
			name = Release;
		};
/* End XCBuildConfiguration section */

/* Begin XCConfigurationList section */
		B485387D16CD739700477ECD /* Build configuration list for PBXProject "AOC-wk2" */ = {
			isa = XCConfigurationList;
			buildConfigurations = (
				B48538A516CD739800477ECD /* Debug */,
				B48538A616CD739800477ECD /* Release */,
			);
			defaultConfigurationIsVisible = 0;
			defaultConfigurationName = Release;
		};
		B48538A716CD739800477ECD /* Build configuration list for PBXNativeTarget "AOC-wk2" */ = {
			isa = XCConfigurationList;
			buildConfigurations = (
				B48538A816CD739800477ECD /* Debug */,
				B48538A916CD739800477ECD /* Release */,
			);
			defaultConfigurationIsVisible = 0;
		};
/* End XCConfigurationList section */
	};
	rootObject = B485387A16CD739700477ECD /* Project object */;
}
